// !$*UTF8*$!
{
	archiveVersion = 1;
	classes = {
	};
	objectVersion = 46;
	objects = {

/* Begin PBXBuildFile section */
		0091D8F90E81B9330029341E /* OpenGL.framework in Frameworks */ = {isa = PBXBuildFile; fileRef = 0091D8F80E81B9330029341E /* OpenGL.framework */; };
		00B784B30FF439BC000DE1D7 /* Accelerate.framework in Frameworks */ = {isa = PBXBuildFile; fileRef = 00B784AF0FF439BC000DE1D7 /* Accelerate.framework */; };
		00B784B40FF439BC000DE1D7 /* AudioToolbox.framework in Frameworks */ = {isa = PBXBuildFile; fileRef = 00B784B00FF439BC000DE1D7 /* AudioToolbox.framework */; };
		00B784B50FF439BC000DE1D7 /* AudioUnit.framework in Frameworks */ = {isa = PBXBuildFile; fileRef = 00B784B10FF439BC000DE1D7 /* AudioUnit.framework */; };
		00B784B60FF439BC000DE1D7 /* CoreAudio.framework in Frameworks */ = {isa = PBXBuildFile; fileRef = 00B784B20FF439BC000DE1D7 /* CoreAudio.framework */; };
		1198B1F119F17E3B0021A9C7 /* Fluid2D.cpp in Sources */ = {isa = PBXBuildFile; fileRef = 1198B1F019F17E3B0021A9C7 /* Fluid2D.cpp */; };
		1603B48255674622B72FFA60 /* Syphon.framework in CopyFiles */ = {isa = PBXBuildFile; fileRef = 6F00301C2A0C476AA45B9BEC /* Syphon.framework */; settings = {ATTRIBUTES = (CodeSignOnCopy, ); }; };
		2142D0FEB5F34DC9A016E2DA /* syphonClient.mm in Sources */ = {isa = PBXBuildFile; fileRef = 700D88284E3A47FB973F05F9 /* syphonClient.mm */; };
		29FA6E9CCDCA42C2A423760D /* cameras.c in Sources */ = {isa = PBXBuildFile; fileRef = 8C7A0530A1604345AC875C1A /* cameras.c */; };
		30331B505C464E42BAC17DCE /* CinderFreenect.cpp in Sources */ = {isa = PBXBuildFile; fileRef = B24DDA4AC2694FABB3A94E99 /* CinderFreenect.cpp */; };
		39B54388EE2D4D5ABECABA6F /* SYPHON_SANDBOXApp.cpp in Sources */ = {isa = PBXBuildFile; fileRef = DCD838580CCF4C3A819B3D24 /* SYPHON_SANDBOXApp.cpp */; };
		48AFE76B4FC54904BCF9F237 /* syphonServer.mm in Sources */ = {isa = PBXBuildFile; fileRef = 0F49C42F9394446DA9711588 /* syphonServer.mm */; };
		5323E6B20EAFCA74003A9687 /* CoreVideo.framework in Frameworks */ = {isa = PBXBuildFile; fileRef = 5323E6B10EAFCA74003A9687 /* CoreVideo.framework */; };
		5323E6B60EAFCA7E003A9687 /* QTKit.framework in Frameworks */ = {isa = PBXBuildFile; fileRef = 5323E6B50EAFCA7E003A9687 /* QTKit.framework */; };
		79E6AEFB5D8B47A6BDB119BB /* CinderApp.icns in Resources */ = {isa = PBXBuildFile; fileRef = B935E45D418C4711A8DCD9E0 /* CinderApp.icns */; };
		7C679DF94F1F4A389AFABFB3 /* Syphon.framework in Frameworks */ = {isa = PBXBuildFile; fileRef = 6F00301C2A0C476AA45B9BEC /* Syphon.framework */; };
		858D370075774AF9B5AC1932 /* core.c in Sources */ = {isa = PBXBuildFile; fileRef = E04F33B444EA4BE99B152749 /* core.c */; };
		8D11072F0486CEB800E47090 /* Cocoa.framework in Frameworks */ = {isa = PBXBuildFile; fileRef = 1058C7A1FEA54F0111CA2CBB /* Cocoa.framework */; };
		9317901FEFB143A39C8532D3 /* usb_libusb10.c in Sources */ = {isa = PBXBuildFile; fileRef = B782C37A9209496AB9CB39C9 /* usb_libusb10.c */; };
		B1CCB8FB3E294BF794FA0F2C /* IOKit.framework in Frameworks */ = {isa = PBXBuildFile; fileRef = E377506F1D124BBB8AC35CC0 /* IOKit.framework */; };
		B5B34F0F7A40418FA485E77A /* SyphonNameboundClient.m in Sources */ = {isa = PBXBuildFile; fileRef = 5FC8C3675B4E4BECAC5D5548 /* SyphonNameboundClient.m */; };
		BB958AA3DA094B74A7C6CC1C /* tilt.c in Sources */ = {isa = PBXBuildFile; fileRef = 590E65B43ECE47B9A2B6997A /* tilt.c */; };
		D0C17F6DDD75444C85980B83 /* syphonServerDirectory.mm in Sources */ = {isa = PBXBuildFile; fileRef = ECFFF67AF3914346A92AE987 /* syphonServerDirectory.mm */; };
		E00752F328CE40C29FD3351E /* registration.c in Sources */ = {isa = PBXBuildFile; fileRef = 572EB0E0E1AA4300AF59B36B /* registration.c */; };
/* End PBXBuildFile section */

/* Begin PBXCopyFilesBuildPhase section */
		8FE39062B56742938669B70A /* CopyFiles */ = {
			isa = PBXCopyFilesBuildPhase;
			buildActionMask = 2147483647;
			dstPath = "";
			dstSubfolderSpec = 10;
			files = (
				1603B48255674622B72FFA60 /* Syphon.framework in CopyFiles */,
			);
			runOnlyForDeploymentPostprocessing = 0;
		};
/* End PBXCopyFilesBuildPhase section */

/* Begin PBXFileReference section */
		0086FA5C7DEB486CAF750C0D /* Resources.h */ = {isa = PBXFileReference; lastKnownFileType = sourcecode.c.h; name = Resources.h; path = ../include/Resources.h; sourceTree = "<group>"; };
		0091D8F80E81B9330029341E /* OpenGL.framework */ = {isa = PBXFileReference; lastKnownFileType = wrapper.framework; name = OpenGL.framework; path = /System/Library/Frameworks/OpenGL.framework; sourceTree = "<absolute>"; };
		00B784AF0FF439BC000DE1D7 /* Accelerate.framework */ = {isa = PBXFileReference; lastKnownFileType = wrapper.framework; name = Accelerate.framework; path = System/Library/Frameworks/Accelerate.framework; sourceTree = SDKROOT; };
		00B784B00FF439BC000DE1D7 /* AudioToolbox.framework */ = {isa = PBXFileReference; lastKnownFileType = wrapper.framework; name = AudioToolbox.framework; path = System/Library/Frameworks/AudioToolbox.framework; sourceTree = SDKROOT; };
		00B784B10FF439BC000DE1D7 /* AudioUnit.framework */ = {isa = PBXFileReference; lastKnownFileType = wrapper.framework; name = AudioUnit.framework; path = System/Library/Frameworks/AudioUnit.framework; sourceTree = SDKROOT; };
		00B784B20FF439BC000DE1D7 /* CoreAudio.framework */ = {isa = PBXFileReference; lastKnownFileType = wrapper.framework; name = CoreAudio.framework; path = System/Library/Frameworks/CoreAudio.framework; sourceTree = SDKROOT; };
		0F49C42F9394446DA9711588 /* syphonServer.mm */ = {isa = PBXFileReference; lastKnownFileType = sourcecode.cpp.objcpp; name = syphonServer.mm; path = ../blocks/Syphon/src/syphonServer.mm; sourceTree = "<group>"; };
		1058C7A1FEA54F0111CA2CBB /* Cocoa.framework */ = {isa = PBXFileReference; lastKnownFileType = wrapper.framework; name = Cocoa.framework; path = /System/Library/Frameworks/Cocoa.framework; sourceTree = "<absolute>"; };
		1198B1F019F17E3B0021A9C7 /* Fluid2D.cpp */ = {isa = PBXFileReference; fileEncoding = 4; lastKnownFileType = sourcecode.cpp.cpp; path = Fluid2D.cpp; sourceTree = "<group>"; };
		29B97324FDCFA39411CA2CEA /* AppKit.framework */ = {isa = PBXFileReference; lastKnownFileType = wrapper.framework; name = AppKit.framework; path = /System/Library/Frameworks/AppKit.framework; sourceTree = "<absolute>"; };
		29B97325FDCFA39411CA2CEA /* Foundation.framework */ = {isa = PBXFileReference; lastKnownFileType = wrapper.framework; name = Foundation.framework; path = /System/Library/Frameworks/Foundation.framework; sourceTree = "<absolute>"; };
		3ABD51519C1D492ABFAC9152 /* syphonClient.h */ = {isa = PBXFileReference; lastKnownFileType = sourcecode.c.h; name = syphonClient.h; path = ../blocks/Syphon/src/syphonClient.h; sourceTree = "<group>"; };
		5323E6B10EAFCA74003A9687 /* CoreVideo.framework */ = {isa = PBXFileReference; lastKnownFileType = wrapper.framework; name = CoreVideo.framework; path = /System/Library/Frameworks/CoreVideo.framework; sourceTree = "<absolute>"; };
		5323E6B50EAFCA7E003A9687 /* QTKit.framework */ = {isa = PBXFileReference; lastKnownFileType = wrapper.framework; name = QTKit.framework; path = /System/Library/Frameworks/QTKit.framework; sourceTree = "<absolute>"; };
		572EB0E0E1AA4300AF59B36B /* registration.c */ = {isa = PBXFileReference; lastKnownFileType = "\"\""; name = registration.c; path = "../blocks/Cinder-Freenect/src/freenect/registration.c"; sourceTree = "<group>"; };
		590E65B43ECE47B9A2B6997A /* tilt.c */ = {isa = PBXFileReference; lastKnownFileType = "\"\""; name = tilt.c; path = "../blocks/Cinder-Freenect/src/freenect/tilt.c"; sourceTree = "<group>"; };
		5FC8C3675B4E4BECAC5D5548 /* SyphonNameboundClient.m */ = {isa = PBXFileReference; lastKnownFileType = "\"\""; name = SyphonNameboundClient.m; path = ../blocks/Syphon/lib/SyphonNameboundClient.m; sourceTree = "<group>"; };
		664EC86BBDD24AC9A2D80CD6 /* syphonServer.h */ = {isa = PBXFileReference; lastKnownFileType = sourcecode.c.h; name = syphonServer.h; path = ../blocks/Syphon/src/syphonServer.h; sourceTree = "<group>"; };
		6F00301C2A0C476AA45B9BEC /* Syphon.framework */ = {isa = PBXFileReference; lastKnownFileType = wrapper.framework; name = Syphon.framework; path = ../blocks/Syphon/lib/Syphon.framework; sourceTree = "<group>"; };
		700D88284E3A47FB973F05F9 /* syphonClient.mm */ = {isa = PBXFileReference; lastKnownFileType = sourcecode.cpp.objcpp; name = syphonClient.mm; path = ../blocks/Syphon/src/syphonClient.mm; sourceTree = "<group>"; };
		887EE636FEEB438C9DACF589 /* SYPHON_SANDBOX_Prefix.pch */ = {isa = PBXFileReference; lastKnownFileType = "\"\""; path = SYPHON_SANDBOX_Prefix.pch; sourceTree = "<group>"; };
		8C7A0530A1604345AC875C1A /* cameras.c */ = {isa = PBXFileReference; lastKnownFileType = "\"\""; name = cameras.c; path = "../blocks/Cinder-Freenect/src/freenect/cameras.c"; sourceTree = "<group>"; };
		8D1107320486CEB800E47090 /* SYPHON_SANDBOX.app */ = {isa = PBXFileReference; explicitFileType = wrapper.application; includeInIndex = 0; path = SYPHON_SANDBOX.app; sourceTree = BUILT_PRODUCTS_DIR; };
		95523932F5F041BAB5E3A6A0 /* cinderSyphon.h */ = {isa = PBXFileReference; lastKnownFileType = sourcecode.c.h; name = cinderSyphon.h; path = ../blocks/Syphon/src/cinderSyphon.h; sourceTree = "<group>"; };
		9B6A04111FF045E49EE5D4AE /* Info.plist */ = {isa = PBXFileReference; lastKnownFileType = text.plist.xml; path = Info.plist; sourceTree = "<group>"; };
		A67A61B3BA0844ACB9F719E5 /* CinderFreenect.h */ = {isa = PBXFileReference; lastKnownFileType = sourcecode.c.h; name = CinderFreenect.h; path = "../blocks/Cinder-Freenect/src/CinderFreenect.h"; sourceTree = "<group>"; };
		B24DDA4AC2694FABB3A94E99 /* CinderFreenect.cpp */ = {isa = PBXFileReference; lastKnownFileType = sourcecode.c.cpp; name = CinderFreenect.cpp; path = "../blocks/Cinder-Freenect/src/CinderFreenect.cpp"; sourceTree = "<group>"; };
		B782C37A9209496AB9CB39C9 /* usb_libusb10.c */ = {isa = PBXFileReference; lastKnownFileType = "\"\""; name = usb_libusb10.c; path = "../blocks/Cinder-Freenect/src/freenect/usb_libusb10.c"; sourceTree = "<group>"; };
		B935E45D418C4711A8DCD9E0 /* CinderApp.icns */ = {isa = PBXFileReference; lastKnownFileType = image.icns; name = CinderApp.icns; path = ../resources/CinderApp.icns; sourceTree = "<group>"; };
		BE5D7B8C45B842FA96D56ACE /* syphonServerDirectory.h */ = {isa = PBXFileReference; lastKnownFileType = sourcecode.c.h; name = syphonServerDirectory.h; path = ../blocks/Syphon/src/syphonServerDirectory.h; sourceTree = "<group>"; };
		D578E9E982064B92A4329A9D /* SyphonNameboundClient.h */ = {isa = PBXFileReference; lastKnownFileType = sourcecode.c.h; name = SyphonNameboundClient.h; path = ../blocks/Syphon/lib/SyphonNameboundClient.h; sourceTree = "<group>"; };
		DCD838580CCF4C3A819B3D24 /* SYPHON_SANDBOXApp.cpp */ = {isa = PBXFileReference; lastKnownFileType = sourcecode.c.cpp; name = SYPHON_SANDBOXApp.cpp; path = ../src/SYPHON_SANDBOXApp.cpp; sourceTree = "<group>"; };
		E04F33B444EA4BE99B152749 /* core.c */ = {isa = PBXFileReference; lastKnownFileType = "\"\""; name = core.c; path = "../blocks/Cinder-Freenect/src/freenect/core.c"; sourceTree = "<group>"; };
		E377506F1D124BBB8AC35CC0 /* IOKit.framework */ = {isa = PBXFileReference; lastKnownFileType = wrapper.framework; name = IOKit.framework; path = System/Library/Frameworks/IOKit.framework; sourceTree = SDKROOT; };
		ECFFF67AF3914346A92AE987 /* syphonServerDirectory.mm */ = {isa = PBXFileReference; lastKnownFileType = sourcecode.cpp.objcpp; name = syphonServerDirectory.mm; path = ../blocks/Syphon/src/syphonServerDirectory.mm; sourceTree = "<group>"; };
/* End PBXFileReference section */

/* Begin PBXFrameworksBuildPhase section */
		8D11072E0486CEB800E47090 /* Frameworks */ = {
			isa = PBXFrameworksBuildPhase;
			buildActionMask = 2147483647;
			files = (
				8D11072F0486CEB800E47090 /* Cocoa.framework in Frameworks */,
				0091D8F90E81B9330029341E /* OpenGL.framework in Frameworks */,
				5323E6B20EAFCA74003A9687 /* CoreVideo.framework in Frameworks */,
				5323E6B60EAFCA7E003A9687 /* QTKit.framework in Frameworks */,
				00B784B30FF439BC000DE1D7 /* Accelerate.framework in Frameworks */,
				00B784B40FF439BC000DE1D7 /* AudioToolbox.framework in Frameworks */,
				00B784B50FF439BC000DE1D7 /* AudioUnit.framework in Frameworks */,
				00B784B60FF439BC000DE1D7 /* CoreAudio.framework in Frameworks */,
				B1CCB8FB3E294BF794FA0F2C /* IOKit.framework in Frameworks */,
				7C679DF94F1F4A389AFABFB3 /* Syphon.framework in Frameworks */,
			);
			runOnlyForDeploymentPostprocessing = 0;
		};
/* End PBXFrameworksBuildPhase section */

/* Begin PBXGroup section */
		01B97315FEAEA392516A2CEA /* Blocks */ = {
			isa = PBXGroup;
			children = (
				2E8F0386039541F0A3436C53 /* Cinder-Freenect */,
				219ED24FA5E84325B8FE73AE /* Syphon */,
			);
			name = Blocks;
			sourceTree = "<group>";
		};
		080E96DDFE201D6D7F000001 /* Source */ = {
			isa = PBXGroup;
			children = (
				DCD838580CCF4C3A819B3D24 /* SYPHON_SANDBOXApp.cpp */,
			);
			name = Source;
			sourceTree = "<group>";
		};
		1058C7A0FEA54F0111CA2CBB /* Linked Frameworks */ = {
			isa = PBXGroup;
			children = (
				00B784AF0FF439BC000DE1D7 /* Accelerate.framework */,
				00B784B00FF439BC000DE1D7 /* AudioToolbox.framework */,
				00B784B10FF439BC000DE1D7 /* AudioUnit.framework */,
				00B784B20FF439BC000DE1D7 /* CoreAudio.framework */,
				5323E6B50EAFCA7E003A9687 /* QTKit.framework */,
				5323E6B10EAFCA74003A9687 /* CoreVideo.framework */,
				0091D8F80E81B9330029341E /* OpenGL.framework */,
				1058C7A1FEA54F0111CA2CBB /* Cocoa.framework */,
			);
			name = "Linked Frameworks";
			sourceTree = "<group>";
		};
		1058C7A2FEA54F0111CA2CBB /* Other Frameworks */ = {
			isa = PBXGroup;
			children = (
				29B97324FDCFA39411CA2CEA /* AppKit.framework */,
				29B97325FDCFA39411CA2CEA /* Foundation.framework */,
			);
			name = "Other Frameworks";
			sourceTree = "<group>";
		};
		19C28FACFE9D520D11CA2CBB /* Products */ = {
			isa = PBXGroup;
			children = (
				8D1107320486CEB800E47090 /* SYPHON_SANDBOX.app */,
			);
			name = Products;
			sourceTree = "<group>";
		};
		219ED24FA5E84325B8FE73AE /* Syphon */ = {
			isa = PBXGroup;
			children = (
				D4FCE9B501E34D34BC558493 /* src */,
				789D5F1B0A6C4023B809BAB8 /* lib */,
			);
			name = Syphon;
			sourceTree = "<group>";
		};
		29B97314FDCFA39411CA2CEA /* SYPHON_SANDBOX */ = {
			isa = PBXGroup;
			children = (
				01B97315FEAEA392516A2CEA /* Blocks */,
				29B97315FDCFA39411CA2CEA /* Headers */,
				080E96DDFE201D6D7F000001 /* Source */,
				29B97317FDCFA39411CA2CEA /* Resources */,
				29B97323FDCFA39411CA2CEA /* Frameworks */,
				19C28FACFE9D520D11CA2CBB /* Products */,
			);
			name = SYPHON_SANDBOX;
			sourceTree = "<group>";
		};
		29B97315FDCFA39411CA2CEA /* Headers */ = {
			isa = PBXGroup;
			children = (
				0086FA5C7DEB486CAF750C0D /* Resources.h */,
				887EE636FEEB438C9DACF589 /* SYPHON_SANDBOX_Prefix.pch */,
			);
			name = Headers;
			sourceTree = "<group>";
		};
		29B97317FDCFA39411CA2CEA /* Resources */ = {
			isa = PBXGroup;
			children = (
				B935E45D418C4711A8DCD9E0 /* CinderApp.icns */,
				9B6A04111FF045E49EE5D4AE /* Info.plist */,
			);
			name = Resources;
			sourceTree = "<group>";
		};
		29B97323FDCFA39411CA2CEA /* Frameworks */ = {
			isa = PBXGroup;
			children = (
				1058C7A0FEA54F0111CA2CBB /* Linked Frameworks */,
				1058C7A2FEA54F0111CA2CBB /* Other Frameworks */,
				E377506F1D124BBB8AC35CC0 /* IOKit.framework */,
			);
			name = Frameworks;
			sourceTree = "<group>";
		};
		2E8F0386039541F0A3436C53 /* Cinder-Freenect */ = {
			isa = PBXGroup;
			children = (
				3E04FD90580D442B8219E6E3 /* src */,
			);
			name = "Cinder-Freenect";
			sourceTree = "<group>";
		};
		3E04FD90580D442B8219E6E3 /* src */ = {
			isa = PBXGroup;
			children = (
				1198B1F019F17E3B0021A9C7 /* Fluid2D.cpp */,
				A67A61B3BA0844ACB9F719E5 /* CinderFreenect.h */,
				B24DDA4AC2694FABB3A94E99 /* CinderFreenect.cpp */,
				C667BD977E72440DB400B495 /* freenect */,
			);
			name = src;
			sourceTree = "<group>";
		};
		789D5F1B0A6C4023B809BAB8 /* lib */ = {
			isa = PBXGroup;
			children = (
				D578E9E982064B92A4329A9D /* SyphonNameboundClient.h */,
				5FC8C3675B4E4BECAC5D5548 /* SyphonNameboundClient.m */,
				6F00301C2A0C476AA45B9BEC /* Syphon.framework */,
			);
			name = lib;
			sourceTree = "<group>";
		};
		C667BD977E72440DB400B495 /* freenect */ = {
			isa = PBXGroup;
			children = (
				8C7A0530A1604345AC875C1A /* cameras.c */,
				E04F33B444EA4BE99B152749 /* core.c */,
				572EB0E0E1AA4300AF59B36B /* registration.c */,
				590E65B43ECE47B9A2B6997A /* tilt.c */,
				B782C37A9209496AB9CB39C9 /* usb_libusb10.c */,
			);
			name = freenect;
			sourceTree = "<group>";
		};
		D4FCE9B501E34D34BC558493 /* src */ = {
			isa = PBXGroup;
			children = (
				95523932F5F041BAB5E3A6A0 /* cinderSyphon.h */,
				3ABD51519C1D492ABFAC9152 /* syphonClient.h */,
				664EC86BBDD24AC9A2D80CD6 /* syphonServer.h */,
				BE5D7B8C45B842FA96D56ACE /* syphonServerDirectory.h */,
				700D88284E3A47FB973F05F9 /* syphonClient.mm */,
				0F49C42F9394446DA9711588 /* syphonServer.mm */,
				ECFFF67AF3914346A92AE987 /* syphonServerDirectory.mm */,
			);
			name = src;
			sourceTree = "<group>";
		};
/* End PBXGroup section */

/* Begin PBXNativeTarget section */
		8D1107260486CEB800E47090 /* SYPHON_SANDBOX */ = {
			isa = PBXNativeTarget;
			buildConfigurationList = C01FCF4A08A954540054247B /* Build configuration list for PBXNativeTarget "SYPHON_SANDBOX" */;
			buildPhases = (
				8D1107290486CEB800E47090 /* Resources */,
				8D11072C0486CEB800E47090 /* Sources */,
				8D11072E0486CEB800E47090 /* Frameworks */,
				8FE39062B56742938669B70A /* CopyFiles */,
			);
			buildRules = (
			);
			dependencies = (
			);
			name = SYPHON_SANDBOX;
			productInstallPath = "$(HOME)/Applications";
			productName = SYPHON_SANDBOX;
			productReference = 8D1107320486CEB800E47090 /* SYPHON_SANDBOX.app */;
			productType = "com.apple.product-type.application";
		};
/* End PBXNativeTarget section */

/* Begin PBXProject section */
		29B97313FDCFA39411CA2CEA /* Project object */ = {
			isa = PBXProject;
			attributes = {
				LastUpgradeCheck = 0600;
			};
			buildConfigurationList = C01FCF4E08A954540054247B /* Build configuration list for PBXProject "SYPHON_SANDBOX" */;
			compatibilityVersion = "Xcode 3.2";
			developmentRegion = English;
			hasScannedForEncodings = 1;
			knownRegions = (
				English,
				Japanese,
				French,
				German,
			);
			mainGroup = 29B97314FDCFA39411CA2CEA /* SYPHON_SANDBOX */;
			projectDirPath = "";
			projectRoot = "";
			targets = (
				8D1107260486CEB800E47090 /* SYPHON_SANDBOX */,
			);
		};
/* End PBXProject section */

/* Begin PBXResourcesBuildPhase section */
		8D1107290486CEB800E47090 /* Resources */ = {
			isa = PBXResourcesBuildPhase;
			buildActionMask = 2147483647;
			files = (
				79E6AEFB5D8B47A6BDB119BB /* CinderApp.icns in Resources */,
			);
			runOnlyForDeploymentPostprocessing = 0;
		};
/* End PBXResourcesBuildPhase section */

/* Begin PBXSourcesBuildPhase section */
		8D11072C0486CEB800E47090 /* Sources */ = {
			isa = PBXSourcesBuildPhase;
			buildActionMask = 2147483647;
			files = (
				39B54388EE2D4D5ABECABA6F /* SYPHON_SANDBOXApp.cpp in Sources */,
				30331B505C464E42BAC17DCE /* CinderFreenect.cpp in Sources */,
				29FA6E9CCDCA42C2A423760D /* cameras.c in Sources */,
				858D370075774AF9B5AC1932 /* core.c in Sources */,
				E00752F328CE40C29FD3351E /* registration.c in Sources */,
				BB958AA3DA094B74A7C6CC1C /* tilt.c in Sources */,
				1198B1F119F17E3B0021A9C7 /* Fluid2D.cpp in Sources */,
				9317901FEFB143A39C8532D3 /* usb_libusb10.c in Sources */,
				2142D0FEB5F34DC9A016E2DA /* syphonClient.mm in Sources */,
				48AFE76B4FC54904BCF9F237 /* syphonServer.mm in Sources */,
				D0C17F6DDD75444C85980B83 /* syphonServerDirectory.mm in Sources */,
				B5B34F0F7A40418FA485E77A /* SyphonNameboundClient.m in Sources */,
			);
			runOnlyForDeploymentPostprocessing = 0;
		};
/* End PBXSourcesBuildPhase section */

/* Begin XCBuildConfiguration section */
		C01FCF4B08A954540054247B /* Debug */ = {
			isa = XCBuildConfiguration;
			buildSettings = {
				COMBINE_HIDPI_IMAGES = YES;
				COPY_PHASE_STRIP = NO;
				DEAD_CODE_STRIPPING = YES;
				FRAMEWORK_SEARCH_PATHS = ../blocks/Syphon/lib;
				GCC_DYNAMIC_NO_PIC = NO;
				GCC_INLINES_ARE_PRIVATE_EXTERN = YES;
				GCC_OPTIMIZATION_LEVEL = 0;
				GCC_PRECOMPILE_PREFIX_HEADER = YES;
				GCC_PREFIX_HEADER = SYPHON_SANDBOX_Prefix.pch;
				GCC_PREPROCESSOR_DEFINITIONS = (
					"DEBUG=1",
					"$(inherited)",
				);
				GCC_SYMBOLS_PRIVATE_EXTERN = NO;
				HEADER_SEARCH_PATHS = (
					"\"$(CINDER_PATH)/boost\"",
					"\"../blocks/Cinder-Freenect/src/freenect\"",
					"\"/Users/ubik/CINDER/SYPHON_SANDBOX/src\"",
				);
				INFOPLIST_FILE = Info.plist;
				INSTALL_PATH = "$(HOME)/Applications";
				OTHER_LDFLAGS = (
					"\"$(CINDER_PATH)/lib/libcinder_d.a\"",
					"\"../blocks/Cinder-Freenect/lib/macosx/libusb-1.0.a\"",
				);
				PRODUCT_NAME = SYPHON_SANDBOX;
				SYMROOT = ./build;
				WRAPPER_EXTENSION = app;
			};
			name = Debug;
		};
		C01FCF4C08A954540054247B /* Release */ = {
			isa = XCBuildConfiguration;
			buildSettings = {
				COMBINE_HIDPI_IMAGES = YES;
				DEAD_CODE_STRIPPING = YES;
				DEBUG_INFORMATION_FORMAT = "dwarf-with-dsym";
				FRAMEWORK_SEARCH_PATHS = ../blocks/Syphon/lib;
				GCC_FAST_MATH = YES;
				GCC_GENERATE_DEBUGGING_SYMBOLS = NO;
				GCC_INLINES_ARE_PRIVATE_EXTERN = YES;
				GCC_OPTIMIZATION_LEVEL = 3;
				GCC_PRECOMPILE_PREFIX_HEADER = YES;
				GCC_PREFIX_HEADER = SYPHON_SANDBOX_Prefix.pch;
				GCC_SYMBOLS_PRIVATE_EXTERN = NO;
				HEADER_SEARCH_PATHS = (
					"\"$(CINDER_PATH)/boost\"",
					"\"../blocks/Cinder-Freenect/src/freenect\"",
					"\"/Users/ubik/CINDER/SYPHON_SANDBOX/src\"",
				);
				INFOPLIST_FILE = Info.plist;
				INSTALL_PATH = "$(HOME)/Applications";
				OTHER_LDFLAGS = (
					"\"$(CINDER_PATH)/lib/libcinder.a\"",
					"\"../blocks/Cinder-Freenect/lib/macosx/libusb-1.0.a\"",
				);
				PRODUCT_NAME = SYPHON_SANDBOX;
				STRIP_INSTALLED_PRODUCT = YES;
				SYMROOT = ./build;
				WRAPPER_EXTENSION = app;
			};
			name = Release;
		};
		C01FCF4F08A954540054247B /* Debug */ = {
			isa = XCBuildConfiguration;
			buildSettings = {
				ALWAYS_SEARCH_USER_PATHS = NO;
				CINDER_PATH = ../../../../../Applications/cinder_0.8.5_mac;
				CLANG_CXX_LANGUAGE_STANDARD = "c++0x";
				CLANG_CXX_LIBRARY = "libc++";
				GCC_WARN_ABOUT_RETURN_TYPE = YES;
				GCC_WARN_UNUSED_VARIABLE = YES;
				HEADER_SEARCH_PATHS = (
					"\"$(CINDER_PATH)/boost\"",
					"\"../blocks/Cinder-Freenect/src/freenect\"",
				);
				MACOSX_DEPLOYMENT_TARGET = 10.7;
				ONLY_ACTIVE_ARCH = YES;
				SDKROOT = macosx;
				USER_HEADER_SEARCH_PATHS = "\"$(CINDER_PATH)/include\" ../include \"../blocks/Cinder-Freenect/src\"";
			};
			name = Debug;
		};
		C01FCF5008A954540054247B /* Release */ = {
			isa = XCBuildConfiguration;
			buildSettings = {
				ALWAYS_SEARCH_USER_PATHS = NO;
				CINDER_PATH = ../../../../../Applications/cinder_0.8.5_mac;
				CLANG_CXX_LANGUAGE_STANDARD = "c++0x";
				CLANG_CXX_LIBRARY = "libc++";
				GCC_WARN_ABOUT_RETURN_TYPE = YES;
				GCC_WARN_UNUSED_VARIABLE = YES;
				HEADER_SEARCH_PATHS = (
					"\"$(CINDER_PATH)/boost\"",
					"\"../blocks/Cinder-Freenect/src/freenect\"",
				);
				MACOSX_DEPLOYMENT_TARGET = 10.7;
				SDKROOT = macosx;
				USER_HEADER_SEARCH_PATHS = "\"$(CINDER_PATH)/include\" ../include \"../blocks/Cinder-Freenect/src\"";
			};
			name = Release;
		};
/* End XCBuildConfiguration section */

/* Begin XCConfigurationList section */
		C01FCF4A08A954540054247B /* Build configuration list for PBXNativeTarget "SYPHON_SANDBOX" */ = {
			isa = XCConfigurationList;
			buildConfigurations = (
				C01FCF4B08A954540054247B /* Debug */,
				C01FCF4C08A954540054247B /* Release */,
			);
			defaultConfigurationIsVisible = 0;
			defaultConfigurationName = Release;
		};
		C01FCF4E08A954540054247B /* Build configuration list for PBXProject "SYPHON_SANDBOX" */ = {
			isa = XCConfigurationList;
			buildConfigurations = (
				C01FCF4F08A954540054247B /* Debug */,
				C01FCF5008A954540054247B /* Release */,
			);
			defaultConfigurationIsVisible = 0;
			defaultConfigurationName = Release;
		};
/* End XCConfigurationList section */
	};
	rootObject = 29B97313FDCFA39411CA2CEA /* Project object */;
}
